// !$*UTF8*$!
{
	archiveVersion = 1;
	classes = {
	};
	objectVersion = 46;
	objects = {

/* Begin PBXBuildFile section */
		C2A33C4C1BA5C38A006C288B /* AppDelegate.swift in Sources */ = {isa = PBXBuildFile; fileRef = C2A33C4B1BA5C38A006C288B /* AppDelegate.swift */; };
		C2A33C4E1BA5C38A006C288B /* Images.xcassets in Resources */ = {isa = PBXBuildFile; fileRef = C2A33C4D1BA5C38A006C288B /* Images.xcassets */; };
		C2A33C511BA5C38A006C288B /* MainMenu.xib in Resources */ = {isa = PBXBuildFile; fileRef = C2A33C4F1BA5C38A006C288B /* MainMenu.xib */; };
		C2A33C5D1BA5C38A006C288B /* Binary_ClockTests.swift in Sources */ = {isa = PBXBuildFile; fileRef = C2A33C5C1BA5C38A006C288B /* Binary_ClockTests.swift */; };
/* End PBXBuildFile section */

/* Begin PBXContainerItemProxy section */
		C2A33C571BA5C38A006C288B /* PBXContainerItemProxy */ = {
			isa = PBXContainerItemProxy;
			containerPortal = C2A33C3E1BA5C38A006C288B /* Project object */;
			proxyType = 1;
			remoteGlobalIDString = C2A33C451BA5C38A006C288B;
			remoteInfo = "Binary Clock";
		};
/* End PBXContainerItemProxy section */

/* Begin PBXFileReference section */
		C25D69DA1BAF22C100276BF4 /* Binary Clock.entitlements */ = {isa = PBXFileReference; lastKnownFileType = text.xml; path = "Binary Clock.entitlements"; sourceTree = "<group>"; };
		C2A33C461BA5C38A006C288B /* Binary Clock.app */ = {isa = PBXFileReference; explicitFileType = wrapper.application; includeInIndex = 0; path = "Binary Clock.app"; sourceTree = BUILT_PRODUCTS_DIR; };
		C2A33C4A1BA5C38A006C288B /* Info.plist */ = {isa = PBXFileReference; lastKnownFileType = text.plist.xml; path = Info.plist; sourceTree = "<group>"; };
		C2A33C4B1BA5C38A006C288B /* AppDelegate.swift */ = {isa = PBXFileReference; lastKnownFileType = sourcecode.swift; path = AppDelegate.swift; sourceTree = "<group>"; };
		C2A33C4D1BA5C38A006C288B /* Images.xcassets */ = {isa = PBXFileReference; lastKnownFileType = folder.assetcatalog; path = Images.xcassets; sourceTree = "<group>"; };
		C2A33C501BA5C38A006C288B /* Base */ = {isa = PBXFileReference; lastKnownFileType = file.xib; name = Base; path = Base.lproj/MainMenu.xib; sourceTree = "<group>"; };
		C2A33C561BA5C38A006C288B /* Binary ClockTests.xctest */ = {isa = PBXFileReference; explicitFileType = wrapper.cfbundle; includeInIndex = 0; path = "Binary ClockTests.xctest"; sourceTree = BUILT_PRODUCTS_DIR; };
		C2A33C5B1BA5C38A006C288B /* Info.plist */ = {isa = PBXFileReference; lastKnownFileType = text.plist.xml; path = Info.plist; sourceTree = "<group>"; };
		C2A33C5C1BA5C38A006C288B /* Binary_ClockTests.swift */ = {isa = PBXFileReference; lastKnownFileType = sourcecode.swift; path = Binary_ClockTests.swift; sourceTree = "<group>"; };
/* End PBXFileReference section */

/* Begin PBXFrameworksBuildPhase section */
		C2A33C431BA5C38A006C288B /* Frameworks */ = {
			isa = PBXFrameworksBuildPhase;
			buildActionMask = 2147483647;
			files = (
			);
			runOnlyForDeploymentPostprocessing = 0;
		};
		C2A33C531BA5C38A006C288B /* Frameworks */ = {
			isa = PBXFrameworksBuildPhase;
			buildActionMask = 2147483647;
			files = (
			);
			runOnlyForDeploymentPostprocessing = 0;
		};
/* End PBXFrameworksBuildPhase section */

/* Begin PBXGroup section */
		C2A33C3D1BA5C38A006C288B = {
			isa = PBXGroup;
			children = (
				C2A33C481BA5C38A006C288B /* Binary Clock */,
				C2A33C591BA5C38A006C288B /* Binary ClockTests */,
				C2A33C471BA5C38A006C288B /* Products */,
			);
			sourceTree = "<group>";
		};
		C2A33C471BA5C38A006C288B /* Products */ = {
			isa = PBXGroup;
			children = (
				C2A33C461BA5C38A006C288B /* Binary Clock.app */,
				C2A33C561BA5C38A006C288B /* Binary ClockTests.xctest */,
			);
			name = Products;
			sourceTree = "<group>";
		};
		C2A33C481BA5C38A006C288B /* Binary Clock */ = {
			isa = PBXGroup;
			children = (
				C25D69DA1BAF22C100276BF4 /* Binary Clock.entitlements */,
				C2A33C4B1BA5C38A006C288B /* AppDelegate.swift */,
				C2A33C4D1BA5C38A006C288B /* Images.xcassets */,
				C2A33C4F1BA5C38A006C288B /* MainMenu.xib */,
				C2A33C491BA5C38A006C288B /* Supporting Files */,
			);
			path = "Binary Clock";
			sourceTree = "<group>";
		};
		C2A33C491BA5C38A006C288B /* Supporting Files */ = {
			isa = PBXGroup;
			children = (
				C2A33C4A1BA5C38A006C288B /* Info.plist */,
			);
			name = "Supporting Files";
			sourceTree = "<group>";
		};
		C2A33C591BA5C38A006C288B /* Binary ClockTests */ = {
			isa = PBXGroup;
			children = (
				C2A33C5C1BA5C38A006C288B /* Binary_ClockTests.swift */,
				C2A33C5A1BA5C38A006C288B /* Supporting Files */,
			);
			path = "Binary ClockTests";
			sourceTree = "<group>";
		};
		C2A33C5A1BA5C38A006C288B /* Supporting Files */ = {
			isa = PBXGroup;
			children = (
				C2A33C5B1BA5C38A006C288B /* Info.plist */,
			);
			name = "Supporting Files";
			sourceTree = "<group>";
		};
/* End PBXGroup section */

/* Begin PBXNativeTarget section */
		C2A33C451BA5C38A006C288B /* Binary Clock */ = {
			isa = PBXNativeTarget;
			buildConfigurationList = C2A33C601BA5C38A006C288B /* Build configuration list for PBXNativeTarget "Binary Clock" */;
			buildPhases = (
				C2A33C421BA5C38A006C288B /* Sources */,
				C2A33C431BA5C38A006C288B /* Frameworks */,
				C2A33C441BA5C38A006C288B /* Resources */,
			);
			buildRules = (
			);
			dependencies = (
			);
			name = "Binary Clock";
			productName = "Binary Clock";
			productReference = C2A33C461BA5C38A006C288B /* Binary Clock.app */;
			productType = "com.apple.product-type.application";
		};
		C2A33C551BA5C38A006C288B /* Binary ClockTests */ = {
			isa = PBXNativeTarget;
			buildConfigurationList = C2A33C631BA5C38A006C288B /* Build configuration list for PBXNativeTarget "Binary ClockTests" */;
			buildPhases = (
				C2A33C521BA5C38A006C288B /* Sources */,
				C2A33C531BA5C38A006C288B /* Frameworks */,
				C2A33C541BA5C38A006C288B /* Resources */,
			);
			buildRules = (
			);
			dependencies = (
				C2A33C581BA5C38A006C288B /* PBXTargetDependency */,
			);
			name = "Binary ClockTests";
			productName = "Binary ClockTests";
			productReference = C2A33C561BA5C38A006C288B /* Binary ClockTests.xctest */;
			productType = "com.apple.product-type.bundle.unit-test";
		};
/* End PBXNativeTarget section */

/* Begin PBXProject section */
		C2A33C3E1BA5C38A006C288B /* Project object */ = {
			isa = PBXProject;
			attributes = {
				LastSwiftMigration = 0700;
				LastSwiftUpdateCheck = 0700;
				LastUpgradeCheck = 0940;
				ORGANIZATIONNAME = "Sergey Ukrainskiy";
				TargetAttributes = {
					C2A33C451BA5C38A006C288B = {
						CreatedOnToolsVersion = 6.4;
						DevelopmentTeam = 5N48NDV776;
						LastSwiftMigration = 0940;
						SystemCapabilities = {
							com.apple.Sandbox = {
								enabled = 1;
							};
						};
					};
					C2A33C551BA5C38A006C288B = {
						CreatedOnToolsVersion = 6.4;
						LastSwiftMigration = 0940;
						TestTargetID = C2A33C451BA5C38A006C288B;
					};
				};
			};
			buildConfigurationList = C2A33C411BA5C38A006C288B /* Build configuration list for PBXProject "Binary Clock" */;
			compatibilityVersion = "Xcode 3.2";
			developmentRegion = English;
			hasScannedForEncodings = 0;
			knownRegions = (
				en,
				Base,
			);
			mainGroup = C2A33C3D1BA5C38A006C288B;
			productRefGroup = C2A33C471BA5C38A006C288B /* Products */;
			projectDirPath = "";
			projectRoot = "";
			targets = (
				C2A33C451BA5C38A006C288B /* Binary Clock */,
				C2A33C551BA5C38A006C288B /* Binary ClockTests */,
			);
		};
/* End PBXProject section */

/* Begin PBXResourcesBuildPhase section */
		C2A33C441BA5C38A006C288B /* Resources */ = {
			isa = PBXResourcesBuildPhase;
			buildActionMask = 2147483647;
			files = (
				C2A33C4E1BA5C38A006C288B /* Images.xcassets in Resources */,
				C2A33C511BA5C38A006C288B /* MainMenu.xib in Resources */,
			);
			runOnlyForDeploymentPostprocessing = 0;
		};
		C2A33C541BA5C38A006C288B /* Resources */ = {
			isa = PBXResourcesBuildPhase;
			buildActionMask = 2147483647;
			files = (
			);
			runOnlyForDeploymentPostprocessing = 0;
		};
/* End PBXResourcesBuildPhase section */

/* Begin PBXSourcesBuildPhase section */
		C2A33C421BA5C38A006C288B /* Sources */ = {
			isa = PBXSourcesBuildPhase;
			buildActionMask = 2147483647;
			files = (
				C2A33C4C1BA5C38A006C288B /* AppDelegate.swift in Sources */,
			);
			runOnlyForDeploymentPostprocessing = 0;
		};
		C2A33C521BA5C38A006C288B /* Sources */ = {
			isa = PBXSourcesBuildPhase;
			buildActionMask = 2147483647;
			files = (
				C2A33C5D1BA5C38A006C288B /* Binary_ClockTests.swift in Sources */,
			);
			runOnlyForDeploymentPostprocessing = 0;
		};
/* End PBXSourcesBuildPhase section */

/* Begin PBXTargetDependency section */
		C2A33C581BA5C38A006C288B /* PBXTargetDependency */ = {
			isa = PBXTargetDependency;
			target = C2A33C451BA5C38A006C288B /* Binary Clock */;
			targetProxy = C2A33C571BA5C38A006C288B /* PBXContainerItemProxy */;
		};
/* End PBXTargetDependency section */

/* Begin PBXVariantGroup section */
		C2A33C4F1BA5C38A006C288B /* MainMenu.xib */ = {
			isa = PBXVariantGroup;
			children = (
				C2A33C501BA5C38A006C288B /* Base */,
			);
			name = MainMenu.xib;
			sourceTree = "<group>";
		};
/* End PBXVariantGroup section */

/* Begin XCBuildConfiguration section */
		C2A33C5E1BA5C38A006C288B /* Debug */ = {
			isa = XCBuildConfiguration;
			buildSettings = {
				ALWAYS_SEARCH_USER_PATHS = NO;
				CLANG_CXX_LANGUAGE_STANDARD = "gnu++0x";
				CLANG_CXX_LIBRARY = "libc++";
				CLANG_ENABLE_MODULES = YES;
				CLANG_ENABLE_OBJC_ARC = YES;
				CLANG_WARN_BLOCK_CAPTURE_AUTORELEASING = YES;
				CLANG_WARN_BOOL_CONVERSION = YES;
				CLANG_WARN_COMMA = YES;
				CLANG_WARN_CONSTANT_CONVERSION = YES;
				CLANG_WARN_DEPRECATED_OBJC_IMPLEMENTATIONS = YES;
				CLANG_WARN_DIRECT_OBJC_ISA_USAGE = YES_ERROR;
				CLANG_WARN_EMPTY_BODY = YES;
				CLANG_WARN_ENUM_CONVERSION = YES;
				CLANG_WARN_INFINITE_RECURSION = YES;
				CLANG_WARN_INT_CONVERSION = YES;
				CLANG_WARN_NON_LITERAL_NULL_CONVERSION = YES;
				CLANG_WARN_OBJC_IMPLICIT_RETAIN_SELF = YES;
				CLANG_WARN_OBJC_LITERAL_CONVERSION = YES;
				CLANG_WARN_OBJC_ROOT_CLASS = YES_ERROR;
				CLANG_WARN_RANGE_LOOP_ANALYSIS = YES;
				CLANG_WARN_STRICT_PROTOTYPES = YES;
				CLANG_WARN_SUSPICIOUS_MOVE = YES;
				CLANG_WARN_UNREACHABLE_CODE = YES;
				CLANG_WARN__DUPLICATE_METHOD_MATCH = YES;
				CODE_SIGN_IDENTITY = "-";
				COPY_PHASE_STRIP = NO;
				DEBUG_INFORMATION_FORMAT = dwarf;
				ENABLE_STRICT_OBJC_MSGSEND = YES;
				ENABLE_TESTABILITY = YES;
				GCC_C_LANGUAGE_STANDARD = gnu99;
				GCC_DYNAMIC_NO_PIC = NO;
				GCC_NO_COMMON_BLOCKS = YES;
				GCC_OPTIMIZATION_LEVEL = 0;
				GCC_PREPROCESSOR_DEFINITIONS = (
					"DEBUG=1",
					"$(inherited)",
				);
				GCC_SYMBOLS_PRIVATE_EXTERN = NO;
				GCC_WARN_64_TO_32_BIT_CONVERSION = YES;
				GCC_WARN_ABOUT_RETURN_TYPE = YES_ERROR;
				GCC_WARN_UNDECLARED_SELECTOR = YES;
				GCC_WARN_UNINITIALIZED_AUTOS = YES_AGGRESSIVE;
				GCC_WARN_UNUSED_FUNCTION = YES;
				GCC_WARN_UNUSED_VARIABLE = YES;
				MACOSX_DEPLOYMENT_TARGET = 10.10;
				MTL_ENABLE_DEBUG_INFO = YES;
				ONLY_ACTIVE_ARCH = YES;
				SDKROOT = macosx;
				SWIFT_OPTIMIZATION_LEVEL = "-Onone";
				SWIFT_VERSION = 4.0;
			};
			name = Debug;
		};
		C2A33C5F1BA5C38A006C288B /* Release */ = {
			isa = XCBuildConfiguration;
			buildSettings = {
				ALWAYS_SEARCH_USER_PATHS = NO;
				CLANG_CXX_LANGUAGE_STANDARD = "gnu++0x";
				CLANG_CXX_LIBRARY = "libc++";
				CLANG_ENABLE_MODULES = YES;
				CLANG_ENABLE_OBJC_ARC = YES;
				CLANG_WARN_BLOCK_CAPTURE_AUTORELEASING = YES;
				CLANG_WARN_BOOL_CONVERSION = YES;
				CLANG_WARN_COMMA = YES;
				CLANG_WARN_CONSTANT_CONVERSION = YES;
				CLANG_WARN_DEPRECATED_OBJC_IMPLEMENTATIONS = YES;
				CLANG_WARN_DIRECT_OBJC_ISA_USAGE = YES_ERROR;
				CLANG_WARN_EMPTY_BODY = YES;
				CLANG_WARN_ENUM_CONVERSION = YES;
				CLANG_WARN_INFINITE_RECURSION = YES;
				CLANG_WARN_INT_CONVERSION = YES;
				CLANG_WARN_NON_LITERAL_NULL_CONVERSION = YES;
				CLANG_WARN_OBJC_IMPLICIT_RETAIN_SELF = YES;
				CLANG_WARN_OBJC_LITERAL_CONVERSION = YES;
				CLANG_WARN_OBJC_ROOT_CLASS = YES_ERROR;
				CLANG_WARN_RANGE_LOOP_ANALYSIS = YES;
				CLANG_WARN_STRICT_PROTOTYPES = YES;
				CLANG_WARN_SUSPICIOUS_MOVE = YES;
				CLANG_WARN_UNREACHABLE_CODE = YES;
				CLANG_WARN__DUPLICATE_METHOD_MATCH = YES;
				CODE_SIGN_IDENTITY = "-";
				COPY_PHASE_STRIP = NO;
				DEBUG_INFORMATION_FORMAT = "dwarf-with-dsym";
				ENABLE_NS_ASSERTIONS = NO;
				ENABLE_STRICT_OBJC_MSGSEND = YES;
				GCC_C_LANGUAGE_STANDARD = gnu99;
				GCC_NO_COMMON_BLOCKS = YES;
				GCC_WARN_64_TO_32_BIT_CONVERSION = YES;
				GCC_WARN_ABOUT_RETURN_TYPE = YES_ERROR;
				GCC_WARN_UNDECLARED_SELECTOR = YES;
				GCC_WARN_UNINITIALIZED_AUTOS = YES_AGGRESSIVE;
				GCC_WARN_UNUSED_FUNCTION = YES;
				GCC_WARN_UNUSED_VARIABLE = YES;
				MACOSX_DEPLOYMENT_TARGET = 10.10;
				MTL_ENABLE_DEBUG_INFO = NO;
				SDKROOT = macosx;
				SWIFT_COMPILATION_MODE = wholemodule;
				SWIFT_VERSION = 4.0;
			};
			name = Release;
		};
		C2A33C611BA5C38A006C288B /* Debug */ = {
			isa = XCBuildConfiguration;
			buildSettings = {
				ASSETCATALOG_COMPILER_APPICON_NAME = AppIcon;
				CODE_SIGN_ENTITLEMENTS = "Binary Clock/Binary Clock.entitlements";
				CODE_SIGN_IDENTITY = "Mac Developer";
				COMBINE_HIDPI_IMAGES = YES;
				INFOPLIST_FILE = "Binary Clock/Info.plist";
				LD_RUNPATH_SEARCH_PATHS = "$(inherited) @executable_path/../Frameworks";
				PRODUCT_BUNDLE_IDENTIFIER = "com.ukrainskiysergey.$(PRODUCT_NAME:rfc1034identifier)";
				PRODUCT_NAME = "$(TARGET_NAME)";
				SWIFT_SWIFT3_OBJC_INFERENCE = On;
				SWIFT_VERSION = 4.0;
			};
			name = Debug;
		};
		C2A33C621BA5C38A006C288B /* Release */ = {
			isa = XCBuildConfiguration;
			buildSettings = {
				ASSETCATALOG_COMPILER_APPICON_NAME = AppIcon;
				CODE_SIGN_ENTITLEMENTS = "Binary Clock/Binary Clock.entitlements";
				CODE_SIGN_IDENTITY = "Mac Developer";
				COMBINE_HIDPI_IMAGES = YES;
				INFOPLIST_FILE = "Binary Clock/Info.plist";
				LD_RUNPATH_SEARCH_PATHS = "$(inherited) @executable_path/../Frameworks";
				PRODUCT_BUNDLE_IDENTIFIER = "com.ukrainskiysergey.$(PRODUCT_NAME:rfc1034identifier)";
				PRODUCT_NAME = "$(TARGET_NAME)";
				SWIFT_SWIFT3_OBJC_INFERENCE = On;
				SWIFT_VERSION = 4.0;
			};
			name = Release;
		};
		C2A33C641BA5C38A006C288B /* Debug */ = {
			isa = XCBuildConfiguration;
			buildSettings = {
				BUNDLE_LOADER = "$(TEST_HOST)";
				COMBINE_HIDPI_IMAGES = YES;
				FRAMEWORK_SEARCH_PATHS = (
					"$(DEVELOPER_FRAMEWORKS_DIR)",
					"$(inherited)",
				);
				GCC_PREPROCESSOR_DEFINITIONS = (
					"DEBUG=1",
					"$(inherited)",
				);
				INFOPLIST_FILE = "Binary ClockTests/Info.plist";
				LD_RUNPATH_SEARCH_PATHS = "$(inherited) @executable_path/../Frameworks @loader_path/../Frameworks";
				PRODUCT_BUNDLE_IDENTIFIER = "com.ukrainskiysergey.$(PRODUCT_NAME:rfc1034identifier)";
				PRODUCT_NAME = "$(TARGET_NAME)";
				SWIFT_SWIFT3_OBJC_INFERENCE = On;
				SWIFT_VERSION = 4.0;
				TEST_HOST = "$(BUILT_PRODUCTS_DIR)/Binary Clock.app/Contents/MacOS/Binary Clock";
			};
			name = Debug;
		};
		C2A33C651BA5C38A006C288B /* Release */ = {
			isa = XCBuildConfiguration;
			buildSettings = {
				BUNDLE_LOADER = "$(TEST_HOST)";
				COMBINE_HIDPI_IMAGES = YES;
				FRAMEWORK_SEARCH_PATHS = (
					"$(DEVELOPER_FRAMEWORKS_DIR)",
					"$(inherited)",
				);
				INFOPLIST_FILE = "Binary ClockTests/Info.plist";
				LD_RUNPATH_SEARCH_PATHS = "$(inherited) @executable_path/../Frameworks @loader_path/../Frameworks";
				PRODUCT_BUNDLE_IDENTIFIER = "com.ukrainskiysergey.$(PRODUCT_NAME:rfc1034identifier)";
				PRODUCT_NAME = "$(TARGET_NAME)";
				SWIFT_SWIFT3_OBJC_INFERENCE = On;
				SWIFT_VERSION = 4.0;
				TEST_HOST = "$(BUILT_PRODUCTS_DIR)/Binary Clock.app/Contents/MacOS/Binary Clock";
			};
			name = Release;
		};
/* End XCBuildConfiguration section */

/* Begin XCConfigurationList section */
		C2A33C411BA5C38A006C288B /* Build configuration list for PBXProject "Binary Clock" */ = {
			isa = XCConfigurationList;
			buildConfigurations = (
				C2A33C5E1BA5C38A006C288B /* Debug */,
				C2A33C5F1BA5C38A006C288B /* Release */,
			);
			defaultConfigurationIsVisible = 0;
			defaultConfigurationName = Release;
		};
		C2A33C601BA5C38A006C288B /* Build configuration list for PBXNativeTarget "Binary Clock" */ = {
			isa = XCConfigurationList;
			buildConfigurations = (
				C2A33C611BA5C38A006C288B /* Debug */,
				C2A33C621BA5C38A006C288B /* Release */,
			);
			defaultConfigurationIsVisible = 0;
			defaultConfigurationName = Release;
		};
		C2A33C631BA5C38A006C288B /* Build configuration list for PBXNativeTarget "Binary ClockTests" */ = {
			isa = XCConfigurationList;
			buildConfigurations = (
				C2A33C641BA5C38A006C288B /* Debug */,
				C2A33C651BA5C38A006C288B /* Release */,
			);
			defaultConfigurationIsVisible = 0;
			defaultConfigurationName = Release;
		};
/* End XCConfigurationList section */
	};
	rootObject = C2A33C3E1BA5C38A006C288B /* Project object */;
}
